
Microsoft Visual Studio Solution File, Format Version 12.00
# Visual Studio 15
VisualStudioVersion = 15.0.26124.0
MinimumVisualStudioVersion = 15.0.26124.0
Project("{FAE04EC0-301F-11D3-BF4B-00C04F79EFBC}") = "Ex1", "Ex1\Ex1.csproj", "{2DFDC852-24EF-490D-A4EB-C43636044B21}"
EndProject
Project("{FAE04EC0-301F-11D3-BF4B-00C04F79EFBC}") = "Ex2", "Ex2\Ex2.csproj", "{BAF2CA58-09F3-45D4-B48E-D5CB2794B5C0}"
EndProject
Project("{FAE04EC0-301F-11D3-BF4B-00C04F79EFBC}") = "Ex3", "Ex3\Ex3.csproj", "{31ADB465-030F-4338-BDE3-FA4DF0CD8562}"
EndProject
Project("{FAE04EC0-301F-11D3-BF4B-00C04F79EFBC}") = "Ex4", "Ex4\Ex4.csproj", "{82D55BA5-A0E3-401C-AE6C-27CF6DFE87CC}"
EndProject
Project("{FAE04EC0-301F-11D3-BF4B-00C04F79EFBC}") = "Ex5", "Ex5\Ex5.csproj", "{B15246CE-19B8-4D90-B33D-5AE1EDFE78A3}"
EndProject
Project("{FAE04EC0-301F-11D3-BF4B-00C04F79EFBC}") = "Ex6", "Ex6\Ex6.csproj", "{B4F0C339-1FFF-4877-9713-641DE3657696}"
EndProject
Project("{FAE04EC0-301F-11D3-BF4B-00C04F79EFBC}") = "Ex7", "Ex7\Ex7.csproj", "{7DC2113C-A555-4993-9283-9C7CAA3403A0}"
EndProject
Project("{FAE04EC0-301F-11D3-BF4B-00C04F79EFBC}") = "Ex8", "Ex8\Ex8.csproj", "{1D83C9DF-B29A-48A1-A06D-1D90F46175EA}"
EndProject
Project("{FAE04EC0-301F-11D3-BF4B-00C04F79EFBC}") = "Ex9", "Ex9\Ex9.csproj", "{C8229466-5FD2-4C75-A7E3-FBC12DA82D25}"
EndProject
Project("{FAE04EC0-301F-11D3-BF4B-00C04F79EFBC}") = "Ex10", "Ex10\Ex10.csproj", "{EAFB83B9-2BDC-4A2D-B7EF-DA7F334597EA}"
EndProject
Project("{FAE04EC0-301F-11D3-BF4B-00C04F79EFBC}") = "Ex11", "Ex11\Ex11.csproj", "{943AEA24-CBD7-4BCB-BA97-F5E8C715758B}"
EndProject
Project("{FAE04EC0-301F-11D3-BF4B-00C04F79EFBC}") = "Ex12", "Ex12\Ex12.csproj", "{A53598B1-FE5C-45F6-93F7-D01EC3B2FE48}"
EndProject
Project("{FAE04EC0-301F-11D3-BF4B-00C04F79EFBC}") = "Ex13", "Ex13\Ex13.csproj", "{16C00BD2-CB86-401C-9A2C-A54949EED385}"
EndProject
Project("{FAE04EC0-301F-11D3-BF4B-00C04F79EFBC}") = "Ex14", "Ex14\Ex14.csproj", "{992E5A39-D8C4-4007-8D72-2794B047B20B}"
EndProject
Project("{FAE04EC0-301F-11D3-BF4B-00C04F79EFBC}") = "Ex15", "Ex15\Ex15.csproj", "{105D447A-4DE7-4582-902E-B9CF10334DC2}"
EndProject
Project("{FAE04EC0-301F-11D3-BF4B-00C04F79EFBC}") = "Ex16", "Ex16\Ex16.csproj", "{54ADD026-0972-45C6-A0EB-574B87E9DE17}"
EndProject
Global
	GlobalSection(SolutionConfigurationPlatforms) = preSolution
		Debug|Any CPU = Debug|Any CPU
		Debug|x64 = Debug|x64
		Debug|x86 = Debug|x86
		Release|Any CPU = Release|Any CPU
		Release|x64 = Release|x64
		Release|x86 = Release|x86
	EndGlobalSection
	GlobalSection(SolutionProperties) = preSolution
		HideSolutionNode = FALSE
	EndGlobalSection
	GlobalSection(ProjectConfigurationPlatforms) = postSolution
		{2DFDC852-24EF-490D-A4EB-C43636044B21}.Debug|Any CPU.ActiveCfg = Debug|Any CPU
		{2DFDC852-24EF-490D-A4EB-C43636044B21}.Debug|Any CPU.Build.0 = Debug|Any CPU
		{2DFDC852-24EF-490D-A4EB-C43636044B21}.Debug|x64.ActiveCfg = Debug|Any CPU
		{2DFDC852-24EF-490D-A4EB-C43636044B21}.Debug|x64.Build.0 = Debug|Any CPU
		{2DFDC852-24EF-490D-A4EB-C43636044B21}.Debug|x86.ActiveCfg = Debug|Any CPU
		{2DFDC852-24EF-490D-A4EB-C43636044B21}.Debug|x86.Build.0 = Debug|Any CPU
		{2DFDC852-24EF-490D-A4EB-C43636044B21}.Release|Any CPU.ActiveCfg = Release|Any CPU
		{2DFDC852-24EF-490D-A4EB-C43636044B21}.Release|Any CPU.Build.0 = Release|Any CPU
		{2DFDC852-24EF-490D-A4EB-C43636044B21}.Release|x64.ActiveCfg = Release|Any CPU
		{2DFDC852-24EF-490D-A4EB-C43636044B21}.Release|x64.Build.0 = Release|Any CPU
		{2DFDC852-24EF-490D-A4EB-C43636044B21}.Release|x86.ActiveCfg = Release|Any CPU
		{2DFDC852-24EF-490D-A4EB-C43636044B21}.Release|x86.Build.0 = Release|Any CPU
		{BAF2CA58-09F3-45D4-B48E-D5CB2794B5C0}.Debug|Any CPU.ActiveCfg = Debug|Any CPU
		{BAF2CA58-09F3-45D4-B48E-D5CB2794B5C0}.Debug|Any CPU.Build.0 = Debug|Any CPU
		{BAF2CA58-09F3-45D4-B48E-D5CB2794B5C0}.Debug|x64.ActiveCfg = Debug|Any CPU
		{BAF2CA58-09F3-45D4-B48E-D5CB2794B5C0}.Debug|x64.Build.0 = Debug|Any CPU
		{BAF2CA58-09F3-45D4-B48E-D5CB2794B5C0}.Debug|x86.ActiveCfg = Debug|Any CPU
		{BAF2CA58-09F3-45D4-B48E-D5CB2794B5C0}.Debug|x86.Build.0 = Debug|Any CPU
		{BAF2CA58-09F3-45D4-B48E-D5CB2794B5C0}.Release|Any CPU.ActiveCfg = Release|Any CPU
		{BAF2CA58-09F3-45D4-B48E-D5CB2794B5C0}.Release|Any CPU.Build.0 = Release|Any CPU
		{BAF2CA58-09F3-45D4-B48E-D5CB2794B5C0}.Release|x64.ActiveCfg = Release|Any CPU
		{BAF2CA58-09F3-45D4-B48E-D5CB2794B5C0}.Release|x64.Build.0 = Release|Any CPU
		{BAF2CA58-09F3-45D4-B48E-D5CB2794B5C0}.Release|x86.ActiveCfg = Release|Any CPU
		{BAF2CA58-09F3-45D4-B48E-D5CB2794B5C0}.Release|x86.Build.0 = Release|Any CPU
		{31ADB465-030F-4338-BDE3-FA4DF0CD8562}.Debug|Any CPU.ActiveCfg = Debug|Any CPU
		{31ADB465-030F-4338-BDE3-FA4DF0CD8562}.Debug|Any CPU.Build.0 = Debug|Any CPU
		{31ADB465-030F-4338-BDE3-FA4DF0CD8562}.Debug|x64.ActiveCfg = Debug|Any CPU
		{31ADB465-030F-4338-BDE3-FA4DF0CD8562}.Debug|x64.Build.0 = Debug|Any CPU
		{31ADB465-030F-4338-BDE3-FA4DF0CD8562}.Debug|x86.ActiveCfg = Debug|Any CPU
		{31ADB465-030F-4338-BDE3-FA4DF0CD8562}.Debug|x86.Build.0 = Debug|Any CPU
		{31ADB465-030F-4338-BDE3-FA4DF0CD8562}.Release|Any CPU.ActiveCfg = Release|Any CPU
		{31ADB465-030F-4338-BDE3-FA4DF0CD8562}.Release|Any CPU.Build.0 = Release|Any CPU
		{31ADB465-030F-4338-BDE3-FA4DF0CD8562}.Release|x64.ActiveCfg = Release|Any CPU
		{31ADB465-030F-4338-BDE3-FA4DF0CD8562}.Release|x64.Build.0 = Release|Any CPU
		{31ADB465-030F-4338-BDE3-FA4DF0CD8562}.Release|x86.ActiveCfg = Release|Any CPU
		{31ADB465-030F-4338-BDE3-FA4DF0CD8562}.Release|x86.Build.0 = Release|Any CPU
		{82D55BA5-A0E3-401C-AE6C-27CF6DFE87CC}.Debug|Any CPU.ActiveCfg = Debug|Any CPU
		{82D55BA5-A0E3-401C-AE6C-27CF6DFE87CC}.Debug|Any CPU.Build.0 = Debug|Any CPU
		{82D55BA5-A0E3-401C-AE6C-27CF6DFE87CC}.Debug|x64.ActiveCfg = Debug|Any CPU
		{82D55BA5-A0E3-401C-AE6C-27CF6DFE87CC}.Debug|x64.Build.0 = Debug|Any CPU
		{82D55BA5-A0E3-401C-AE6C-27CF6DFE87CC}.Debug|x86.ActiveCfg = Debug|Any CPU
		{82D55BA5-A0E3-401C-AE6C-27CF6DFE87CC}.Debug|x86.Build.0 = Debug|Any CPU
		{82D55BA5-A0E3-401C-AE6C-27CF6DFE87CC}.Release|Any CPU.ActiveCfg = Release|Any CPU
		{82D55BA5-A0E3-401C-AE6C-27CF6DFE87CC}.Release|Any CPU.Build.0 = Release|Any CPU
		{82D55BA5-A0E3-401C-AE6C-27CF6DFE87CC}.Release|x64.ActiveCfg = Release|Any CPU
		{82D55BA5-A0E3-401C-AE6C-27CF6DFE87CC}.Release|x64.Build.0 = Release|Any CPU
		{82D55BA5-A0E3-401C-AE6C-27CF6DFE87CC}.Release|x86.ActiveCfg = Release|Any CPU
		{82D55BA5-A0E3-401C-AE6C-27CF6DFE87CC}.Release|x86.Build.0 = Release|Any CPU
		{B15246CE-19B8-4D90-B33D-5AE1EDFE78A3}.Debug|Any CPU.ActiveCfg = Debug|Any CPU
		{B15246CE-19B8-4D90-B33D-5AE1EDFE78A3}.Debug|Any CPU.Build.0 = Debug|Any CPU
		{B15246CE-19B8-4D90-B33D-5AE1EDFE78A3}.Debug|x64.ActiveCfg = Debug|Any CPU
		{B15246CE-19B8-4D90-B33D-5AE1EDFE78A3}.Debug|x64.Build.0 = Debug|Any CPU
		{B15246CE-19B8-4D90-B33D-5AE1EDFE78A3}.Debug|x86.ActiveCfg = Debug|Any CPU
		{B15246CE-19B8-4D90-B33D-5AE1EDFE78A3}.Debug|x86.Build.0 = Debug|Any CPU
		{B15246CE-19B8-4D90-B33D-5AE1EDFE78A3}.Release|Any CPU.ActiveCfg = Release|Any CPU
		{B15246CE-19B8-4D90-B33D-5AE1EDFE78A3}.Release|Any CPU.Build.0 = Release|Any CPU
		{B15246CE-19B8-4D90-B33D-5AE1EDFE78A3}.Release|x64.ActiveCfg = Release|Any CPU
		{B15246CE-19B8-4D90-B33D-5AE1EDFE78A3}.Release|x64.Build.0 = Release|Any CPU
		{B15246CE-19B8-4D90-B33D-5AE1EDFE78A3}.Release|x86.ActiveCfg = Release|Any CPU
		{B15246CE-19B8-4D90-B33D-5AE1EDFE78A3}.Release|x86.Build.0 = Release|Any CPU
		{B4F0C339-1FFF-4877-9713-641DE3657696}.Debug|Any CPU.ActiveCfg = Debug|Any CPU
		{B4F0C339-1FFF-4877-9713-641DE3657696}.Debug|Any CPU.Build.0 = Debug|Any CPU
		{B4F0C339-1FFF-4877-9713-641DE3657696}.Debug|x64.ActiveCfg = Debug|Any CPU
		{B4F0C339-1FFF-4877-9713-641DE3657696}.Debug|x64.Build.0 = Debug|Any CPU
		{B4F0C339-1FFF-4877-9713-641DE3657696}.Debug|x86.ActiveCfg = Debug|Any CPU
		{B4F0C339-1FFF-4877-9713-641DE3657696}.Debug|x86.Build.0 = Debug|Any CPU
		{B4F0C339-1FFF-4877-9713-641DE3657696}.Release|Any CPU.ActiveCfg = Release|Any CPU
		{B4F0C339-1FFF-4877-9713-641DE3657696}.Release|Any CPU.Build.0 = Release|Any CPU
		{B4F0C339-1FFF-4877-9713-641DE3657696}.Release|x64.ActiveCfg = Release|Any CPU
		{B4F0C339-1FFF-4877-9713-641DE3657696}.Release|x64.Build.0 = Release|Any CPU
		{B4F0C339-1FFF-4877-9713-641DE3657696}.Release|x86.ActiveCfg = Release|Any CPU
		{B4F0C339-1FFF-4877-9713-641DE3657696}.Release|x86.Build.0 = Release|Any CPU
		{7DC2113C-A555-4993-9283-9C7CAA3403A0}.Debug|Any CPU.ActiveCfg = Debug|Any CPU
		{7DC2113C-A555-4993-9283-9C7CAA3403A0}.Debug|Any CPU.Build.0 = Debug|Any CPU
		{7DC2113C-A555-4993-9283-9C7CAA3403A0}.Debug|x64.ActiveCfg = Debug|Any CPU
		{7DC2113C-A555-4993-9283-9C7CAA3403A0}.Debug|x64.Build.0 = Debug|Any CPU
		{7DC2113C-A555-4993-9283-9C7CAA3403A0}.Debug|x86.ActiveCfg = Debug|Any CPU
		{7DC2113C-A555-4993-9283-9C7CAA3403A0}.Debug|x86.Build.0 = Debug|Any CPU
		{7DC2113C-A555-4993-9283-9C7CAA3403A0}.Release|Any CPU.ActiveCfg = Release|Any CPU
		{7DC2113C-A555-4993-9283-9C7CAA3403A0}.Release|Any CPU.Build.0 = Release|Any CPU
		{7DC2113C-A555-4993-9283-9C7CAA3403A0}.Release|x64.ActiveCfg = Release|Any CPU
		{7DC2113C-A555-4993-9283-9C7CAA3403A0}.Release|x64.Build.0 = Release|Any CPU
		{7DC2113C-A555-4993-9283-9C7CAA3403A0}.Release|x86.ActiveCfg = Release|Any CPU
		{7DC2113C-A555-4993-9283-9C7CAA3403A0}.Release|x86.Build.0 = Release|Any CPU
		{1D83C9DF-B29A-48A1-A06D-1D90F46175EA}.Debug|Any CPU.ActiveCfg = Debug|Any CPU
		{1D83C9DF-B29A-48A1-A06D-1D90F46175EA}.Debug|Any CPU.Build.0 = Debug|Any CPU
		{1D83C9DF-B29A-48A1-A06D-1D90F46175EA}.Debug|x64.ActiveCfg = Debug|Any CPU
		{1D83C9DF-B29A-48A1-A06D-1D90F46175EA}.Debug|x64.Build.0 = Debug|Any CPU
		{1D83C9DF-B29A-48A1-A06D-1D90F46175EA}.Debug|x86.ActiveCfg = Debug|Any CPU
		{1D83C9DF-B29A-48A1-A06D-1D90F46175EA}.Debug|x86.Build.0 = Debug|Any CPU
		{1D83C9DF-B29A-48A1-A06D-1D90F46175EA}.Release|Any CPU.ActiveCfg = Release|Any CPU
		{1D83C9DF-B29A-48A1-A06D-1D90F46175EA}.Release|Any CPU.Build.0 = Release|Any CPU
		{1D83C9DF-B29A-48A1-A06D-1D90F46175EA}.Release|x64.ActiveCfg = Release|Any CPU
		{1D83C9DF-B29A-48A1-A06D-1D90F46175EA}.Release|x64.Build.0 = Release|Any CPU
		{1D83C9DF-B29A-48A1-A06D-1D90F46175EA}.Release|x86.ActiveCfg = Release|Any CPU
		{1D83C9DF-B29A-48A1-A06D-1D90F46175EA}.Release|x86.Build.0 = Release|Any CPU
		{C8229466-5FD2-4C75-A7E3-FBC12DA82D25}.Debug|Any CPU.ActiveCfg = Debug|Any CPU
		{C8229466-5FD2-4C75-A7E3-FBC12DA82D25}.Debug|Any CPU.Build.0 = Debug|Any CPU
		{C8229466-5FD2-4C75-A7E3-FBC12DA82D25}.Debug|x64.ActiveCfg = Debug|Any CPU
		{C8229466-5FD2-4C75-A7E3-FBC12DA82D25}.Debug|x64.Build.0 = Debug|Any CPU
		{C8229466-5FD2-4C75-A7E3-FBC12DA82D25}.Debug|x86.ActiveCfg = Debug|Any CPU
		{C8229466-5FD2-4C75-A7E3-FBC12DA82D25}.Debug|x86.Build.0 = Debug|Any CPU
		{C8229466-5FD2-4C75-A7E3-FBC12DA82D25}.Release|Any CPU.ActiveCfg = Release|Any CPU
		{C8229466-5FD2-4C75-A7E3-FBC12DA82D25}.Release|Any CPU.Build.0 = Release|Any CPU
		{C8229466-5FD2-4C75-A7E3-FBC12DA82D25}.Release|x64.ActiveCfg = Release|Any CPU
		{C8229466-5FD2-4C75-A7E3-FBC12DA82D25}.Release|x64.Build.0 = Release|Any CPU
		{C8229466-5FD2-4C75-A7E3-FBC12DA82D25}.Release|x86.ActiveCfg = Release|Any CPU
		{C8229466-5FD2-4C75-A7E3-FBC12DA82D25}.Release|x86.Build.0 = Release|Any CPU
		{EAFB83B9-2BDC-4A2D-B7EF-DA7F334597EA}.Debug|Any CPU.ActiveCfg = Debug|Any CPU
		{EAFB83B9-2BDC-4A2D-B7EF-DA7F334597EA}.Debug|Any CPU.Build.0 = Debug|Any CPU
		{EAFB83B9-2BDC-4A2D-B7EF-DA7F334597EA}.Debug|x64.ActiveCfg = Debug|Any CPU
		{EAFB83B9-2BDC-4A2D-B7EF-DA7F334597EA}.Debug|x64.Build.0 = Debug|Any CPU
		{EAFB83B9-2BDC-4A2D-B7EF-DA7F334597EA}.Debug|x86.ActiveCfg = Debug|Any CPU
		{EAFB83B9-2BDC-4A2D-B7EF-DA7F334597EA}.Debug|x86.Build.0 = Debug|Any CPU
		{EAFB83B9-2BDC-4A2D-B7EF-DA7F334597EA}.Release|Any CPU.ActiveCfg = Release|Any CPU
		{EAFB83B9-2BDC-4A2D-B7EF-DA7F334597EA}.Release|Any CPU.Build.0 = Release|Any CPU
		{EAFB83B9-2BDC-4A2D-B7EF-DA7F334597EA}.Release|x64.ActiveCfg = Release|Any CPU
		{EAFB83B9-2BDC-4A2D-B7EF-DA7F334597EA}.Release|x64.Build.0 = Release|Any CPU
		{EAFB83B9-2BDC-4A2D-B7EF-DA7F334597EA}.Release|x86.ActiveCfg = Release|Any CPU
		{EAFB83B9-2BDC-4A2D-B7EF-DA7F334597EA}.Release|x86.Build.0 = Release|Any CPU
		{943AEA24-CBD7-4BCB-BA97-F5E8C715758B}.Debug|Any CPU.ActiveCfg = Debug|Any CPU
		{943AEA24-CBD7-4BCB-BA97-F5E8C715758B}.Debug|Any CPU.Build.0 = Debug|Any CPU
		{943AEA24-CBD7-4BCB-BA97-F5E8C715758B}.Debug|x64.ActiveCfg = Debug|Any CPU
		{943AEA24-CBD7-4BCB-BA97-F5E8C715758B}.Debug|x64.Build.0 = Debug|Any CPU
		{943AEA24-CBD7-4BCB-BA97-F5E8C715758B}.Debug|x86.ActiveCfg = Debug|Any CPU
		{943AEA24-CBD7-4BCB-BA97-F5E8C715758B}.Debug|x86.Build.0 = Debug|Any CPU
		{943AEA24-CBD7-4BCB-BA97-F5E8C715758B}.Release|Any CPU.ActiveCfg = Release|Any CPU
		{943AEA24-CBD7-4BCB-BA97-F5E8C715758B}.Release|Any CPU.Build.0 = Release|Any CPU
		{943AEA24-CBD7-4BCB-BA97-F5E8C715758B}.Release|x64.ActiveCfg = Release|Any CPU
		{943AEA24-CBD7-4BCB-BA97-F5E8C715758B}.Release|x64.Build.0 = Release|Any CPU
		{943AEA24-CBD7-4BCB-BA97-F5E8C715758B}.Release|x86.ActiveCfg = Release|Any CPU
		{943AEA24-CBD7-4BCB-BA97-F5E8C715758B}.Release|x86.Build.0 = Release|Any CPU
		{A53598B1-FE5C-45F6-93F7-D01EC3B2FE48}.Debug|Any CPU.ActiveCfg = Debug|Any CPU
		{A53598B1-FE5C-45F6-93F7-D01EC3B2FE48}.Debug|Any CPU.Build.0 = Debug|Any CPU
		{A53598B1-FE5C-45F6-93F7-D01EC3B2FE48}.Debug|x64.ActiveCfg = Debug|Any CPU
		{A53598B1-FE5C-45F6-93F7-D01EC3B2FE48}.Debug|x64.Build.0 = Debug|Any CPU
		{A53598B1-FE5C-45F6-93F7-D01EC3B2FE48}.Debug|x86.ActiveCfg = Debug|Any CPU
		{A53598B1-FE5C-45F6-93F7-D01EC3B2FE48}.Debug|x86.Build.0 = Debug|Any CPU
		{A53598B1-FE5C-45F6-93F7-D01EC3B2FE48}.Release|Any CPU.ActiveCfg = Release|Any CPU
		{A53598B1-FE5C-45F6-93F7-D01EC3B2FE48}.Release|Any CPU.Build.0 = Release|Any CPU
		{A53598B1-FE5C-45F6-93F7-D01EC3B2FE48}.Release|x64.ActiveCfg = Release|Any CPU
		{A53598B1-FE5C-45F6-93F7-D01EC3B2FE48}.Release|x64.Build.0 = Release|Any CPU
		{A53598B1-FE5C-45F6-93F7-D01EC3B2FE48}.Release|x86.ActiveCfg = Release|Any CPU
		{A53598B1-FE5C-45F6-93F7-D01EC3B2FE48}.Release|x86.Build.0 = Release|Any CPU
		{16C00BD2-CB86-401C-9A2C-A54949EED385}.Debug|Any CPU.ActiveCfg = Debug|Any CPU
		{16C00BD2-CB86-401C-9A2C-A54949EED385}.Debug|Any CPU.Build.0 = Debug|Any CPU
		{16C00BD2-CB86-401C-9A2C-A54949EED385}.Debug|x64.ActiveCfg = Debug|Any CPU
		{16C00BD2-CB86-401C-9A2C-A54949EED385}.Debug|x64.Build.0 = Debug|Any CPU
		{16C00BD2-CB86-401C-9A2C-A54949EED385}.Debug|x86.ActiveCfg = Debug|Any CPU
		{16C00BD2-CB86-401C-9A2C-A54949EED385}.Debug|x86.Build.0 = Debug|Any CPU
		{16C00BD2-CB86-401C-9A2C-A54949EED385}.Release|Any CPU.ActiveCfg = Release|Any CPU
		{16C00BD2-CB86-401C-9A2C-A54949EED385}.Release|Any CPU.Build.0 = Release|Any CPU
		{16C00BD2-CB86-401C-9A2C-A54949EED385}.Release|x64.ActiveCfg = Release|Any CPU
		{16C00BD2-CB86-401C-9A2C-A54949EED385}.Release|x64.Build.0 = Release|Any CPU
		{16C00BD2-CB86-401C-9A2C-A54949EED385}.Release|x86.ActiveCfg = Release|Any CPU
		{16C00BD2-CB86-401C-9A2C-A54949EED385}.Release|x86.Build.0 = Release|Any CPU
		{992E5A39-D8C4-4007-8D72-2794B047B20B}.Debug|Any CPU.ActiveCfg = Debug|Any CPU
		{992E5A39-D8C4-4007-8D72-2794B047B20B}.Debug|Any CPU.Build.0 = Debug|Any CPU
		{992E5A39-D8C4-4007-8D72-2794B047B20B}.Debug|x64.ActiveCfg = Debug|Any CPU
		{992E5A39-D8C4-4007-8D72-2794B047B20B}.Debug|x64.Build.0 = Debug|Any CPU
		{992E5A39-D8C4-4007-8D72-2794B047B20B}.Debug|x86.ActiveCfg = Debug|Any CPU
		{992E5A39-D8C4-4007-8D72-2794B047B20B}.Debug|x86.Build.0 = Debug|Any CPU
		{992E5A39-D8C4-4007-8D72-2794B047B20B}.Release|Any CPU.ActiveCfg = Release|Any CPU
		{992E5A39-D8C4-4007-8D72-2794B047B20B}.Release|Any CPU.Build.0 = Release|Any CPU
		{992E5A39-D8C4-4007-8D72-2794B047B20B}.Release|x64.ActiveCfg = Release|Any CPU
		{992E5A39-D8C4-4007-8D72-2794B047B20B}.Release|x64.Build.0 = Release|Any CPU
		{992E5A39-D8C4-4007-8D72-2794B047B20B}.Release|x86.ActiveCfg = Release|Any CPU
		{992E5A39-D8C4-4007-8D72-2794B047B20B}.Release|x86.Build.0 = Release|Any CPU
		{105D447A-4DE7-4582-902E-B9CF10334DC2}.Debug|Any CPU.ActiveCfg = Debug|Any CPU
		{105D447A-4DE7-4582-902E-B9CF10334DC2}.Debug|Any CPU.Build.0 = Debug|Any CPU
		{105D447A-4DE7-4582-902E-B9CF10334DC2}.Debug|x64.ActiveCfg = Debug|Any CPU
		{105D447A-4DE7-4582-902E-B9CF10334DC2}.Debug|x64.Build.0 = Debug|Any CPU
		{105D447A-4DE7-4582-902E-B9CF10334DC2}.Debug|x86.ActiveCfg = Debug|Any CPU
		{105D447A-4DE7-4582-902E-B9CF10334DC2}.Debug|x86.Build.0 = Debug|Any CPU
		{105D447A-4DE7-4582-902E-B9CF10334DC2}.Release|Any CPU.ActiveCfg = Release|Any CPU
		{105D447A-4DE7-4582-902E-B9CF10334DC2}.Release|Any CPU.Build.0 = Release|Any CPU
		{105D447A-4DE7-4582-902E-B9CF10334DC2}.Release|x64.ActiveCfg = Release|Any CPU
		{105D447A-4DE7-4582-902E-B9CF10334DC2}.Release|x64.Build.0 = Release|Any CPU
		{105D447A-4DE7-4582-902E-B9CF10334DC2}.Release|x86.ActiveCfg = Release|Any CPU
		{105D447A-4DE7-4582-902E-B9CF10334DC2}.Release|x86.Build.0 = Release|Any CPU
		{54ADD026-0972-45C6-A0EB-574B87E9DE17}.Debug|Any CPU.ActiveCfg = Debug|Any CPU
		{54ADD026-0972-45C6-A0EB-574B87E9DE17}.Debug|Any CPU.Build.0 = Debug|Any CPU
		{54ADD026-0972-45C6-A0EB-574B87E9DE17}.Debug|x64.ActiveCfg = Debug|Any CPU
		{54ADD026-0972-45C6-A0EB-574B87E9DE17}.Debug|x64.Build.0 = Debug|Any CPU
		{54ADD026-0972-45C6-A0EB-574B87E9DE17}.Debug|x86.ActiveCfg = Debug|Any CPU
		{54ADD026-0972-45C6-A0EB-574B87E9DE17}.Debug|x86.Build.0 = Debug|Any CPU
		{54ADD026-0972-45C6-A0EB-574B87E9DE17}.Release|Any CPU.ActiveCfg = Release|Any CPU
		{54ADD026-0972-45C6-A0EB-574B87E9DE17}.Release|Any CPU.Build.0 = Release|Any CPU
		{54ADD026-0972-45C6-A0EB-574B87E9DE17}.Release|x64.ActiveCfg = Release|Any CPU
		{54ADD026-0972-45C6-A0EB-574B87E9DE17}.Release|x64.Build.0 = Release|Any CPU
		{54ADD026-0972-45C6-A0EB-574B87E9DE17}.Release|x86.ActiveCfg = Release|Any CPU
		{54ADD026-0972-45C6-A0EB-574B87E9DE17}.Release|x86.Build.0 = Release|Any CPU
	EndGlobalSection
EndGlobal
