
Microsoft Visual Studio Solution File, Format Version 12.00
# Visual Studio 15
VisualStudioVersion = 15.0.26124.0
MinimumVisualStudioVersion = 15.0.26124.0
Project("{FAE04EC0-301F-11D3-BF4B-00C04F79EFBC}") = "Ex1", "Ex1\Ex1.csproj", "{2DFDC852-24EF-490D-A4EB-C43636044B21}"
EndProject
Project("{FAE04EC0-301F-11D3-BF4B-00C04F79EFBC}") = "Ex2", "Ex2\Ex2.csproj", "{BAF2CA58-09F3-45D4-B48E-D5CB2794B5C0}"
EndProject
Project("{FAE04EC0-301F-11D3-BF4B-00C04F79EFBC}") = "Ex3", "Ex3\Ex3.csproj", "{31ADB465-030F-4338-BDE3-FA4DF0CD8562}"
EndProject
Project("{FAE04EC0-301F-11D3-BF4B-00C04F79EFBC}") = "Ex4", "Ex4\Ex4.csproj", "{82D55BA5-A0E3-401C-AE6C-27CF6DFE87CC}"
EndProject
Project("{FAE04EC0-301F-11D3-BF4B-00C04F79EFBC}") = "Ex5", "Ex5\Ex5.csproj", "{B15246CE-19B8-4D90-B33D-5AE1EDFE78A3}"
EndProject
Project("{FAE04EC0-301F-11D3-BF4B-00C04F79EFBC}") = "Ex6", "Ex6\Ex6.csproj", "{B4F0C339-1FFF-4877-9713-641DE3657696}"
EndProject
Global
	GlobalSection(SolutionConfigurationPlatforms) = preSolution
		Debug|Any CPU = Debug|Any CPU
		Debug|x64 = Debug|x64
		Debug|x86 = Debug|x86
		Release|Any CPU = Release|Any CPU
		Release|x64 = Release|x64
		Release|x86 = Release|x86
	EndGlobalSection
	GlobalSection(SolutionProperties) = preSolution
		HideSolutionNode = FALSE
	EndGlobalSection
	GlobalSection(ProjectConfigurationPlatforms) = postSolution
		{2DFDC852-24EF-490D-A4EB-C43636044B21}.Debug|Any CPU.ActiveCfg = Debug|Any CPU
		{2DFDC852-24EF-490D-A4EB-C43636044B21}.Debug|Any CPU.Build.0 = Debug|Any CPU
		{2DFDC852-24EF-490D-A4EB-C43636044B21}.Debug|x64.ActiveCfg = Debug|Any CPU
		{2DFDC852-24EF-490D-A4EB-C43636044B21}.Debug|x64.Build.0 = Debug|Any CPU
		{2DFDC852-24EF-490D-A4EB-C43636044B21}.Debug|x86.ActiveCfg = Debug|Any CPU
		{2DFDC852-24EF-490D-A4EB-C43636044B21}.Debug|x86.Build.0 = Debug|Any CPU
		{2DFDC852-24EF-490D-A4EB-C43636044B21}.Release|Any CPU.ActiveCfg = Release|Any CPU
		{2DFDC852-24EF-490D-A4EB-C43636044B21}.Release|Any CPU.Build.0 = Release|Any CPU
		{2DFDC852-24EF-490D-A4EB-C43636044B21}.Release|x64.ActiveCfg = Release|Any CPU
		{2DFDC852-24EF-490D-A4EB-C43636044B21}.Release|x64.Build.0 = Release|Any CPU
		{2DFDC852-24EF-490D-A4EB-C43636044B21}.Release|x86.ActiveCfg = Release|Any CPU
		{2DFDC852-24EF-490D-A4EB-C43636044B21}.Release|x86.Build.0 = Release|Any CPU
		{BAF2CA58-09F3-45D4-B48E-D5CB2794B5C0}.Debug|Any CPU.ActiveCfg = Debug|Any CPU
		{BAF2CA58-09F3-45D4-B48E-D5CB2794B5C0}.Debug|Any CPU.Build.0 = Debug|Any CPU
		{BAF2CA58-09F3-45D4-B48E-D5CB2794B5C0}.Debug|x64.ActiveCfg = Debug|Any CPU
		{BAF2CA58-09F3-45D4-B48E-D5CB2794B5C0}.Debug|x64.Build.0 = Debug|Any CPU
		{BAF2CA58-09F3-45D4-B48E-D5CB2794B5C0}.Debug|x86.ActiveCfg = Debug|Any CPU
		{BAF2CA58-09F3-45D4-B48E-D5CB2794B5C0}.Debug|x86.Build.0 = Debug|Any CPU
		{BAF2CA58-09F3-45D4-B48E-D5CB2794B5C0}.Release|Any CPU.ActiveCfg = Release|Any CPU
		{BAF2CA58-09F3-45D4-B48E-D5CB2794B5C0}.Release|Any CPU.Build.0 = Release|Any CPU
		{BAF2CA58-09F3-45D4-B48E-D5CB2794B5C0}.Release|x64.ActiveCfg = Release|Any CPU
		{BAF2CA58-09F3-45D4-B48E-D5CB2794B5C0}.Release|x64.Build.0 = Release|Any CPU
		{BAF2CA58-09F3-45D4-B48E-D5CB2794B5C0}.Release|x86.ActiveCfg = Release|Any CPU
		{BAF2CA58-09F3-45D4-B48E-D5CB2794B5C0}.Release|x86.Build.0 = Release|Any CPU
		{31ADB465-030F-4338-BDE3-FA4DF0CD8562}.Debug|Any CPU.ActiveCfg = Debug|Any CPU
		{31ADB465-030F-4338-BDE3-FA4DF0CD8562}.Debug|Any CPU.Build.0 = Debug|Any CPU
		{31ADB465-030F-4338-BDE3-FA4DF0CD8562}.Debug|x64.ActiveCfg = Debug|Any CPU
		{31ADB465-030F-4338-BDE3-FA4DF0CD8562}.Debug|x64.Build.0 = Debug|Any CPU
		{31ADB465-030F-4338-BDE3-FA4DF0CD8562}.Debug|x86.ActiveCfg = Debug|Any CPU
		{31ADB465-030F-4338-BDE3-FA4DF0CD8562}.Debug|x86.Build.0 = Debug|Any CPU
		{31ADB465-030F-4338-BDE3-FA4DF0CD8562}.Release|Any CPU.ActiveCfg = Release|Any CPU
		{31ADB465-030F-4338-BDE3-FA4DF0CD8562}.Release|Any CPU.Build.0 = Release|Any CPU
		{31ADB465-030F-4338-BDE3-FA4DF0CD8562}.Release|x64.ActiveCfg = Release|Any CPU
		{31ADB465-030F-4338-BDE3-FA4DF0CD8562}.Release|x64.Build.0 = Release|Any CPU
		{31ADB465-030F-4338-BDE3-FA4DF0CD8562}.Release|x86.ActiveCfg = Release|Any CPU
		{31ADB465-030F-4338-BDE3-FA4DF0CD8562}.Release|x86.Build.0 = Release|Any CPU
		{82D55BA5-A0E3-401C-AE6C-27CF6DFE87CC}.Debug|Any CPU.ActiveCfg = Debug|Any CPU
		{82D55BA5-A0E3-401C-AE6C-27CF6DFE87CC}.Debug|Any CPU.Build.0 = Debug|Any CPU
		{82D55BA5-A0E3-401C-AE6C-27CF6DFE87CC}.Debug|x64.ActiveCfg = Debug|Any CPU
		{82D55BA5-A0E3-401C-AE6C-27CF6DFE87CC}.Debug|x64.Build.0 = Debug|Any CPU
		{82D55BA5-A0E3-401C-AE6C-27CF6DFE87CC}.Debug|x86.ActiveCfg = Debug|Any CPU
		{82D55BA5-A0E3-401C-AE6C-27CF6DFE87CC}.Debug|x86.Build.0 = Debug|Any CPU
		{82D55BA5-A0E3-401C-AE6C-27CF6DFE87CC}.Release|Any CPU.ActiveCfg = Release|Any CPU
		{82D55BA5-A0E3-401C-AE6C-27CF6DFE87CC}.Release|Any CPU.Build.0 = Release|Any CPU
		{82D55BA5-A0E3-401C-AE6C-27CF6DFE87CC}.Release|x64.ActiveCfg = Release|Any CPU
		{82D55BA5-A0E3-401C-AE6C-27CF6DFE87CC}.Release|x64.Build.0 = Release|Any CPU
		{82D55BA5-A0E3-401C-AE6C-27CF6DFE87CC}.Release|x86.ActiveCfg = Release|Any CPU
		{82D55BA5-A0E3-401C-AE6C-27CF6DFE87CC}.Release|x86.Build.0 = Release|Any CPU
		{B15246CE-19B8-4D90-B33D-5AE1EDFE78A3}.Debug|Any CPU.ActiveCfg = Debug|Any CPU
		{B15246CE-19B8-4D90-B33D-5AE1EDFE78A3}.Debug|Any CPU.Build.0 = Debug|Any CPU
		{B15246CE-19B8-4D90-B33D-5AE1EDFE78A3}.Debug|x64.ActiveCfg = Debug|Any CPU
		{B15246CE-19B8-4D90-B33D-5AE1EDFE78A3}.Debug|x64.Build.0 = Debug|Any CPU
		{B15246CE-19B8-4D90-B33D-5AE1EDFE78A3}.Debug|x86.ActiveCfg = Debug|Any CPU
		{B15246CE-19B8-4D90-B33D-5AE1EDFE78A3}.Debug|x86.Build.0 = Debug|Any CPU
		{B15246CE-19B8-4D90-B33D-5AE1EDFE78A3}.Release|Any CPU.ActiveCfg = Release|Any CPU
		{B15246CE-19B8-4D90-B33D-5AE1EDFE78A3}.Release|Any CPU.Build.0 = Release|Any CPU
		{B15246CE-19B8-4D90-B33D-5AE1EDFE78A3}.Release|x64.ActiveCfg = Release|Any CPU
		{B15246CE-19B8-4D90-B33D-5AE1EDFE78A3}.Release|x64.Build.0 = Release|Any CPU
		{B15246CE-19B8-4D90-B33D-5AE1EDFE78A3}.Release|x86.ActiveCfg = Release|Any CPU
		{B15246CE-19B8-4D90-B33D-5AE1EDFE78A3}.Release|x86.Build.0 = Release|Any CPU
		{B4F0C339-1FFF-4877-9713-641DE3657696}.Debug|Any CPU.ActiveCfg = Debug|Any CPU
		{B4F0C339-1FFF-4877-9713-641DE3657696}.Debug|Any CPU.Build.0 = Debug|Any CPU
		{B4F0C339-1FFF-4877-9713-641DE3657696}.Debug|x64.ActiveCfg = Debug|Any CPU
		{B4F0C339-1FFF-4877-9713-641DE3657696}.Debug|x64.Build.0 = Debug|Any CPU
		{B4F0C339-1FFF-4877-9713-641DE3657696}.Debug|x86.ActiveCfg = Debug|Any CPU
		{B4F0C339-1FFF-4877-9713-641DE3657696}.Debug|x86.Build.0 = Debug|Any CPU
		{B4F0C339-1FFF-4877-9713-641DE3657696}.Release|Any CPU.ActiveCfg = Release|Any CPU
		{B4F0C339-1FFF-4877-9713-641DE3657696}.Release|Any CPU.Build.0 = Release|Any CPU
		{B4F0C339-1FFF-4877-9713-641DE3657696}.Release|x64.ActiveCfg = Release|Any CPU
		{B4F0C339-1FFF-4877-9713-641DE3657696}.Release|x64.Build.0 = Release|Any CPU
		{B4F0C339-1FFF-4877-9713-641DE3657696}.Release|x86.ActiveCfg = Release|Any CPU
		{B4F0C339-1FFF-4877-9713-641DE3657696}.Release|x86.Build.0 = Release|Any CPU
	EndGlobalSection
EndGlobal
